
Microsoft Visual Studio Solution File, Format Version 12.00
# Visual Studio 2013
VisualStudioVersion = 12.0.30501.0
MinimumVisualStudioVersion = 10.0.40219.1
Project("{FAE04EC0-301F-11D3-BF4B-00C04F79EFBC}") = "JM.Foundation", "JM.Foundation\JM.Foundation.csproj", "{9B6DFFED-983F-45F8-AE93-4E8C3DABBD59}"
EndProject
Project("{FAE04EC0-301F-11D3-BF4B-00C04F79EFBC}") = "JM.Foundation.Tests", "JM.Foundation.Tests\JM.Foundation.Tests.csproj", "{98CC8802-700F-4E39-89CB-3A9A37D21F6D}"
EndProject
Project("{2150E333-8FDC-42A3-9474-1A3956D46DE8}") = "SharedBins", "SharedBins", "{9BDD50D3-63BB-4680-8579-D2638FFE25F2}"
	ProjectSection(SolutionItems) = preProject
		JM.Foundation\SharedBin\Piranha.dll = JM.Foundation\SharedBin\Piranha.dll
	EndProjectSection
EndProject
Global
	GlobalSection(SolutionConfigurationPlatforms) = preSolution
		Debug|Any CPU = Debug|Any CPU
		Release|Any CPU = Release|Any CPU
	EndGlobalSection
	GlobalSection(ProjectConfigurationPlatforms) = postSolution
		{9B6DFFED-983F-45F8-AE93-4E8C3DABBD59}.Debug|Any CPU.ActiveCfg = Debug|Any CPU
		{9B6DFFED-983F-45F8-AE93-4E8C3DABBD59}.Debug|Any CPU.Build.0 = Debug|Any CPU
		{9B6DFFED-983F-45F8-AE93-4E8C3DABBD59}.Release|Any CPU.ActiveCfg = Release|Any CPU
		{9B6DFFED-983F-45F8-AE93-4E8C3DABBD59}.Release|Any CPU.Build.0 = Release|Any CPU
		{98CC8802-700F-4E39-89CB-3A9A37D21F6D}.Debug|Any CPU.ActiveCfg = Debug|Any CPU
		{98CC8802-700F-4E39-89CB-3A9A37D21F6D}.Debug|Any CPU.Build.0 = Debug|Any CPU
		{98CC8802-700F-4E39-89CB-3A9A37D21F6D}.Release|Any CPU.ActiveCfg = Release|Any CPU
		{98CC8802-700F-4E39-89CB-3A9A37D21F6D}.Release|Any CPU.Build.0 = Release|Any CPU
	EndGlobalSection
	GlobalSection(SolutionProperties) = preSolution
		HideSolutionNode = FALSE
	EndGlobalSection
EndGlobal
