
Microsoft Visual Studio Solution File, Format Version 12.00
# Visual Studio 2012
Project("{FAE04EC0-301F-11D3-BF4B-00C04F79EFBC}") = "JM.ReferenceApplication", "JM.ReferenceApplication\JM.ReferenceApplication.csproj", "{D2F14C47-2896-40BF-81B2-54DA23685B91}"
EndProject
Project("{2150E333-8FDC-42A3-9474-1A3956D46DE8}") = "SolutionFiles", "SolutionFiles", "{78CF8610-4D84-4ACF-AC21-560376FAD538}"
	ProjectSection(SolutionItems) = preProject
		NuGet.Config = NuGet.Config
	EndProjectSection
EndProject
Project("{2150E333-8FDC-42A3-9474-1A3956D46DE8}") = "Stylecop", "Stylecop", "{C1C31E75-FCC8-448E-A1C1-722C837B3340}"
	ProjectSection(SolutionItems) = preProject
		EditStyleCopSettings.cmd = EditStyleCopSettings.cmd
		Settings.StyleCop = Settings.StyleCop
		packages\StyleCop.MSBuild.4.7.49.0\tools\StyleCopPlus.dll = packages\StyleCop.MSBuild.4.7.49.0\tools\StyleCopPlus.dll
	EndProjectSection
EndProject
Project("{2150E333-8FDC-42A3-9474-1A3956D46DE8}") = "Local Build Scripts", "Local Build Scripts", "{0C7EDCB1-7A98-4123-A77C-8010D19FFE3D}"
	ProjectSection(SolutionItems) = preProject
		build.bat = build.bat
		BuildRelease.bat = BuildRelease.bat
	EndProjectSection
EndProject
Project("{2150E333-8FDC-42A3-9474-1A3956D46DE8}") = "Environments", "Environments", "{2674DE16-3C4B-45EB-A753-73A2585C6448}"
EndProject
Project("{2150E333-8FDC-42A3-9474-1A3956D46DE8}") = "Ansicht", "Ansicht", "{C19500A5-229A-46F0-85AF-55E79F8DEAA2}"
	ProjectSection(SolutionItems) = preProject
		Environments\Ansicht\Web.Ansicht.config = Environments\Ansicht\Web.Ansicht.config
	EndProjectSection
EndProject
Project("{2150E333-8FDC-42A3-9474-1A3956D46DE8}") = "Dev", "Dev", "{967FC991-39C3-4B13-A34D-1A622B42E1DC}"
	ProjectSection(SolutionItems) = preProject
		Environments\Dev\Web.Dev.config = Environments\Dev\Web.Dev.config
	EndProjectSection
EndProject
Project("{2150E333-8FDC-42A3-9474-1A3956D46DE8}") = "Web", "Web", "{9B5F4A5C-F83D-4A20-8EB5-F840A42B38C4}"
EndProject
Project("{2150E333-8FDC-42A3-9474-1A3956D46DE8}") = "Modules", "Modules", "{B87E8B9F-AB9C-42FB-9558-026F2A019E09}"
EndProject
Global
	GlobalSection(SolutionConfigurationPlatforms) = preSolution
		Debug|Any CPU = Debug|Any CPU
		Release|Any CPU = Release|Any CPU
	EndGlobalSection
	GlobalSection(ProjectConfigurationPlatforms) = postSolution
		{D2F14C47-2896-40BF-81B2-54DA23685B91}.Debug|Any CPU.ActiveCfg = Debug|Any CPU
		{D2F14C47-2896-40BF-81B2-54DA23685B91}.Debug|Any CPU.Build.0 = Debug|Any CPU
		{D2F14C47-2896-40BF-81B2-54DA23685B91}.Release|Any CPU.ActiveCfg = Release|Any CPU
		{D2F14C47-2896-40BF-81B2-54DA23685B91}.Release|Any CPU.Build.0 = Release|Any CPU
	EndGlobalSection
	GlobalSection(SolutionProperties) = preSolution
		HideSolutionNode = FALSE
	EndGlobalSection
	GlobalSection(NestedProjects) = preSolution
		{D2F14C47-2896-40BF-81B2-54DA23685B91} = {9B5F4A5C-F83D-4A20-8EB5-F840A42B38C4}
		{C1C31E75-FCC8-448E-A1C1-722C837B3340} = {78CF8610-4D84-4ACF-AC21-560376FAD538}
		{0C7EDCB1-7A98-4123-A77C-8010D19FFE3D} = {78CF8610-4D84-4ACF-AC21-560376FAD538}
		{2674DE16-3C4B-45EB-A753-73A2585C6448} = {78CF8610-4D84-4ACF-AC21-560376FAD538}
		{C19500A5-229A-46F0-85AF-55E79F8DEAA2} = {2674DE16-3C4B-45EB-A753-73A2585C6448}
		{967FC991-39C3-4B13-A34D-1A622B42E1DC} = {2674DE16-3C4B-45EB-A753-73A2585C6448}
	EndGlobalSection
	GlobalSection(ExtensibilityGlobals) = postSolution
		EnterpriseLibraryConfigurationToolBinariesPathV6 = packages\EnterpriseLibrary.TransientFaultHandling.6.0.1304.0\lib\portable-net45+win+wp8;packages\EnterpriseLibrary.TransientFaultHandling.Data.6.0.1304.1\lib\NET45
	EndGlobalSection
EndGlobal
