
Microsoft Visual Studio Solution File, Format Version 12.00
# Visual Studio 2013
VisualStudioVersion = 12.0.30501.0
MinimumVisualStudioVersion = 10.0.40219.1
Project("{FAE04EC0-301F-11D3-BF4B-00C04F79EFBC}") = "JM.BaseSolutionWizard", "JM.BaseSolutionWizard\JM.BaseSolutionWizard.csproj", "{C30BB12D-A19D-43CC-99D5-0347D49CFB25}"
EndProject
Project("{FAE04EC0-301F-11D3-BF4B-00C04F79EFBC}") = "WindowsFormsApplication1", "WindowsFormsApplication1\WindowsFormsApplication1.csproj", "{FE3F8655-569C-4182-B0FA-B4146975E11E}"
EndProject
Project("{2150E333-8FDC-42A3-9474-1A3956D46DE8}") = "Solution Items", "Solution Items", "{6EBF02B4-4413-4E89-B36A-31CE73BE7436}"
	ProjectSection(SolutionItems) = preProject
		ctt.exe = ctt.exe
	EndProjectSection
EndProject
Project("{930C7802-8A8C-48F9-8165-68863BCCD9DD}") = "BaseSolutionWizardInstaller", "BaseSolutionWizardInstaller\BaseSolutionWizardInstaller.wixproj", "{45757EEB-2609-4E8F-9151-202F933DFF2C}"
EndProject
Global
	GlobalSection(SolutionConfigurationPlatforms) = preSolution
		Debug|Any CPU = Debug|Any CPU
		Debug|Mixed Platforms = Debug|Mixed Platforms
		Debug|x86 = Debug|x86
		Release|Any CPU = Release|Any CPU
		Release|Mixed Platforms = Release|Mixed Platforms
		Release|x86 = Release|x86
	EndGlobalSection
	GlobalSection(ProjectConfigurationPlatforms) = postSolution
		{C30BB12D-A19D-43CC-99D5-0347D49CFB25}.Debug|Any CPU.ActiveCfg = Debug|Any CPU
		{C30BB12D-A19D-43CC-99D5-0347D49CFB25}.Debug|Any CPU.Build.0 = Debug|Any CPU
		{C30BB12D-A19D-43CC-99D5-0347D49CFB25}.Debug|Mixed Platforms.ActiveCfg = Debug|Any CPU
		{C30BB12D-A19D-43CC-99D5-0347D49CFB25}.Debug|Mixed Platforms.Build.0 = Debug|Any CPU
		{C30BB12D-A19D-43CC-99D5-0347D49CFB25}.Debug|x86.ActiveCfg = Debug|Any CPU
		{C30BB12D-A19D-43CC-99D5-0347D49CFB25}.Release|Any CPU.ActiveCfg = Release|Any CPU
		{C30BB12D-A19D-43CC-99D5-0347D49CFB25}.Release|Any CPU.Build.0 = Release|Any CPU
		{C30BB12D-A19D-43CC-99D5-0347D49CFB25}.Release|Mixed Platforms.ActiveCfg = Release|Any CPU
		{C30BB12D-A19D-43CC-99D5-0347D49CFB25}.Release|Mixed Platforms.Build.0 = Release|Any CPU
		{C30BB12D-A19D-43CC-99D5-0347D49CFB25}.Release|x86.ActiveCfg = Release|Any CPU
		{FE3F8655-569C-4182-B0FA-B4146975E11E}.Debug|Any CPU.ActiveCfg = Debug|Any CPU
		{FE3F8655-569C-4182-B0FA-B4146975E11E}.Debug|Any CPU.Build.0 = Debug|Any CPU
		{FE3F8655-569C-4182-B0FA-B4146975E11E}.Debug|Mixed Platforms.ActiveCfg = Debug|Any CPU
		{FE3F8655-569C-4182-B0FA-B4146975E11E}.Debug|Mixed Platforms.Build.0 = Debug|Any CPU
		{FE3F8655-569C-4182-B0FA-B4146975E11E}.Debug|x86.ActiveCfg = Debug|Any CPU
		{FE3F8655-569C-4182-B0FA-B4146975E11E}.Release|Any CPU.ActiveCfg = Release|Any CPU
		{FE3F8655-569C-4182-B0FA-B4146975E11E}.Release|Any CPU.Build.0 = Release|Any CPU
		{FE3F8655-569C-4182-B0FA-B4146975E11E}.Release|Mixed Platforms.ActiveCfg = Release|Any CPU
		{FE3F8655-569C-4182-B0FA-B4146975E11E}.Release|Mixed Platforms.Build.0 = Release|Any CPU
		{FE3F8655-569C-4182-B0FA-B4146975E11E}.Release|x86.ActiveCfg = Release|Any CPU
		{45757EEB-2609-4E8F-9151-202F933DFF2C}.Debug|Any CPU.ActiveCfg = Debug|x86
		{45757EEB-2609-4E8F-9151-202F933DFF2C}.Debug|Mixed Platforms.ActiveCfg = Debug|x86
		{45757EEB-2609-4E8F-9151-202F933DFF2C}.Debug|Mixed Platforms.Build.0 = Debug|x86
		{45757EEB-2609-4E8F-9151-202F933DFF2C}.Debug|x86.ActiveCfg = Debug|x86
		{45757EEB-2609-4E8F-9151-202F933DFF2C}.Debug|x86.Build.0 = Debug|x86
		{45757EEB-2609-4E8F-9151-202F933DFF2C}.Release|Any CPU.ActiveCfg = Release|x86
		{45757EEB-2609-4E8F-9151-202F933DFF2C}.Release|Mixed Platforms.ActiveCfg = Release|x86
		{45757EEB-2609-4E8F-9151-202F933DFF2C}.Release|Mixed Platforms.Build.0 = Release|x86
		{45757EEB-2609-4E8F-9151-202F933DFF2C}.Release|x86.ActiveCfg = Release|x86
		{45757EEB-2609-4E8F-9151-202F933DFF2C}.Release|x86.Build.0 = Release|x86
	EndGlobalSection
	GlobalSection(SolutionProperties) = preSolution
		HideSolutionNode = FALSE
	EndGlobalSection
EndGlobal
